// !$*UTF8*$!
{
	archiveVersion = 1;
	classes = {
	};
	objectVersion = 46;
	objects = {

/* Begin PBXBuildFile section */
		E9202206198442F90016220B /* Foundation.framework in Frameworks */ = {isa = PBXBuildFile; fileRef = E9202205198442F90016220B /* Foundation.framework */; };
		E9202208198442F90016220B /* CoreGraphics.framework in Frameworks */ = {isa = PBXBuildFile; fileRef = E9202207198442F90016220B /* CoreGraphics.framework */; };
		E920220A198442F90016220B /* UIKit.framework in Frameworks */ = {isa = PBXBuildFile; fileRef = E9202209198442F90016220B /* UIKit.framework */; };
		E9202210198442F90016220B /* InfoPlist.strings in Resources */ = {isa = PBXBuildFile; fileRef = E920220E198442F90016220B /* InfoPlist.strings */; };
		E9202212198442F90016220B /* main.m in Sources */ = {isa = PBXBuildFile; fileRef = E9202211198442F90016220B /* main.m */; };
		E9202216198442F90016220B /* AppDelegate.m in Sources */ = {isa = PBXBuildFile; fileRef = E9202215198442F90016220B /* AppDelegate.m */; };
		E9202219198442F90016220B /* Main.storyboard in Resources */ = {isa = PBXBuildFile; fileRef = E9202217198442F90016220B /* Main.storyboard */; };
		E920221C198442F90016220B /* ViewController.m in Sources */ = {isa = PBXBuildFile; fileRef = E920221B198442F90016220B /* ViewController.m */; };
		E920221E198442F90016220B /* Images.xcassets in Resources */ = {isa = PBXBuildFile; fileRef = E920221D198442F90016220B /* Images.xcassets */; };
		E9202225198442FA0016220B /* XCTest.framework in Frameworks */ = {isa = PBXBuildFile; fileRef = E9202224198442FA0016220B /* XCTest.framework */; };
		E9202226198442FA0016220B /* Foundation.framework in Frameworks */ = {isa = PBXBuildFile; fileRef = E9202205198442F90016220B /* Foundation.framework */; };
		E9202227198442FA0016220B /* UIKit.framework in Frameworks */ = {isa = PBXBuildFile; fileRef = E9202209198442F90016220B /* UIKit.framework */; };
		E920222F198442FA0016220B /* InfoPlist.strings in Resources */ = {isa = PBXBuildFile; fileRef = E920222D198442FA0016220B /* InfoPlist.strings */; };
		E9202231198442FA0016220B /* PSProgressHUDTests.m in Sources */ = {isa = PBXBuildFile; fileRef = E9202230198442FA0016220B /* PSProgressHUDTests.m */; };
		E9202240198446380016220B /* PSProgressHUD.m in Sources */ = {isa = PBXBuildFile; fileRef = E920223F198446380016220B /* PSProgressHUD.m */; };
/* End PBXBuildFile section */

/* Begin PBXContainerItemProxy section */
		E9202228198442FA0016220B /* PBXContainerItemProxy */ = {
			isa = PBXContainerItemProxy;
			containerPortal = E92021FA198442F90016220B /* Project object */;
			proxyType = 1;
			remoteGlobalIDString = E9202201198442F90016220B;
			remoteInfo = PSProgressHUD;
		};
/* End PBXContainerItemProxy section */

/* Begin PBXFileReference section */
		E9202202198442F90016220B /* PSProgressHUD.app */ = {isa = PBXFileReference; explicitFileType = wrapper.application; includeInIndex = 0; path = PSProgressHUD.app; sourceTree = BUILT_PRODUCTS_DIR; };
		E9202205198442F90016220B /* Foundation.framework */ = {isa = PBXFileReference; lastKnownFileType = wrapper.framework; name = Foundation.framework; path = System/Library/Frameworks/Foundation.framework; sourceTree = SDKROOT; };
		E9202207198442F90016220B /* CoreGraphics.framework */ = {isa = PBXFileReference; lastKnownFileType = wrapper.framework; name = CoreGraphics.framework; path = System/Library/Frameworks/CoreGraphics.framework; sourceTree = SDKROOT; };
		E9202209198442F90016220B /* UIKit.framework */ = {isa = PBXFileReference; lastKnownFileType = wrapper.framework; name = UIKit.framework; path = System/Library/Frameworks/UIKit.framework; sourceTree = SDKROOT; };
		E920220D198442F90016220B /* PSProgressHUD-Info.plist */ = {isa = PBXFileReference; lastKnownFileType = text.plist.xml; path = "PSProgressHUD-Info.plist"; sourceTree = "<group>"; };
		E920220F198442F90016220B /* en */ = {isa = PBXFileReference; lastKnownFileType = text.plist.strings; name = en; path = en.lproj/InfoPlist.strings; sourceTree = "<group>"; };
		E9202211198442F90016220B /* main.m */ = {isa = PBXFileReference; lastKnownFileType = sourcecode.c.objc; path = main.m; sourceTree = "<group>"; };
		E9202213198442F90016220B /* PSProgressHUD-Prefix.pch */ = {isa = PBXFileReference; lastKnownFileType = sourcecode.c.h; path = "PSProgressHUD-Prefix.pch"; sourceTree = "<group>"; };
		E9202214198442F90016220B /* AppDelegate.h */ = {isa = PBXFileReference; lastKnownFileType = sourcecode.c.h; path = AppDelegate.h; sourceTree = "<group>"; };
		E9202215198442F90016220B /* AppDelegate.m */ = {isa = PBXFileReference; lastKnownFileType = sourcecode.c.objc; path = AppDelegate.m; sourceTree = "<group>"; };
		E9202218198442F90016220B /* Base */ = {isa = PBXFileReference; lastKnownFileType = file.storyboard; name = Base; path = Base.lproj/Main.storyboard; sourceTree = "<group>"; };
		E920221A198442F90016220B /* ViewController.h */ = {isa = PBXFileReference; lastKnownFileType = sourcecode.c.h; path = ViewController.h; sourceTree = "<group>"; };
		E920221B198442F90016220B /* ViewController.m */ = {isa = PBXFileReference; lastKnownFileType = sourcecode.c.objc; path = ViewController.m; sourceTree = "<group>"; };
		E920221D198442F90016220B /* Images.xcassets */ = {isa = PBXFileReference; lastKnownFileType = folder.assetcatalog; path = Images.xcassets; sourceTree = "<group>"; };
		E9202223198442FA0016220B /* PSProgressHUDTests.xctest */ = {isa = PBXFileReference; explicitFileType = wrapper.cfbundle; includeInIndex = 0; path = PSProgressHUDTests.xctest; sourceTree = BUILT_PRODUCTS_DIR; };
		E9202224198442FA0016220B /* XCTest.framework */ = {isa = PBXFileReference; lastKnownFileType = wrapper.framework; name = XCTest.framework; path = Library/Frameworks/XCTest.framework; sourceTree = DEVELOPER_DIR; };
		E920222C198442FA0016220B /* PSProgressHUDTests-Info.plist */ = {isa = PBXFileReference; lastKnownFileType = text.plist.xml; path = "PSProgressHUDTests-Info.plist"; sourceTree = "<group>"; };
		E920222E198442FA0016220B /* en */ = {isa = PBXFileReference; lastKnownFileType = text.plist.strings; name = en; path = en.lproj/InfoPlist.strings; sourceTree = "<group>"; };
		E9202230198442FA0016220B /* PSProgressHUDTests.m */ = {isa = PBXFileReference; lastKnownFileType = sourcecode.c.objc; path = PSProgressHUDTests.m; sourceTree = "<group>"; };
		E920223E198446380016220B /* PSProgressHUD.h */ = {isa = PBXFileReference; fileEncoding = 4; lastKnownFileType = sourcecode.c.h; path = PSProgressHUD.h; sourceTree = "<group>"; };
		E920223F198446380016220B /* PSProgressHUD.m */ = {isa = PBXFileReference; fileEncoding = 4; lastKnownFileType = sourcecode.c.objc; path = PSProgressHUD.m; sourceTree = "<group>"; };
/* End PBXFileReference section */

/* Begin PBXFrameworksBuildPhase section */
		E92021FF198442F90016220B /* Frameworks */ = {
			isa = PBXFrameworksBuildPhase;
			buildActionMask = 2147483647;
			files = (
				E9202208198442F90016220B /* CoreGraphics.framework in Frameworks */,
				E920220A198442F90016220B /* UIKit.framework in Frameworks */,
				E9202206198442F90016220B /* Foundation.framework in Frameworks */,
			);
			runOnlyForDeploymentPostprocessing = 0;
		};
		E9202220198442FA0016220B /* Frameworks */ = {
			isa = PBXFrameworksBuildPhase;
			buildActionMask = 2147483647;
			files = (
				E9202225198442FA0016220B /* XCTest.framework in Frameworks */,
				E9202227198442FA0016220B /* UIKit.framework in Frameworks */,
				E9202226198442FA0016220B /* Foundation.framework in Frameworks */,
			);
			runOnlyForDeploymentPostprocessing = 0;
		};
/* End PBXFrameworksBuildPhase section */

/* Begin PBXGroup section */
		E92021F9198442F90016220B = {
			isa = PBXGroup;
			children = (
				E920220B198442F90016220B /* PSProgressHUD */,
				E920222A198442FA0016220B /* PSProgressHUDTests */,
				E9202204198442F90016220B /* Frameworks */,
				E9202203198442F90016220B /* Products */,
			);
			sourceTree = "<group>";
		};
		E9202203198442F90016220B /* Products */ = {
			isa = PBXGroup;
			children = (
				E9202202198442F90016220B /* PSProgressHUD.app */,
				E9202223198442FA0016220B /* PSProgressHUDTests.xctest */,
			);
			name = Products;
			sourceTree = "<group>";
		};
		E9202204198442F90016220B /* Frameworks */ = {
			isa = PBXGroup;
			children = (
				E9202205198442F90016220B /* Foundation.framework */,
				E9202207198442F90016220B /* CoreGraphics.framework */,
				E9202209198442F90016220B /* UIKit.framework */,
				E9202224198442FA0016220B /* XCTest.framework */,
			);
			name = Frameworks;
			sourceTree = "<group>";
		};
		E920220B198442F90016220B /* PSProgressHUD */ = {
			isa = PBXGroup;
			children = (
				E920223A198443070016220B /* PSProgressHUD */,
				E9202214198442F90016220B /* AppDelegate.h */,
				E9202215198442F90016220B /* AppDelegate.m */,
				E9202217198442F90016220B /* Main.storyboard */,
				E920221A198442F90016220B /* ViewController.h */,
				E920221B198442F90016220B /* ViewController.m */,
				E920221D198442F90016220B /* Images.xcassets */,
				E920220C198442F90016220B /* Supporting Files */,
			);
			path = PSProgressHUD;
			sourceTree = "<group>";
		};
		E920220C198442F90016220B /* Supporting Files */ = {
			isa = PBXGroup;
			children = (
				E920220D198442F90016220B /* PSProgressHUD-Info.plist */,
				E920220E198442F90016220B /* InfoPlist.strings */,
				E9202211198442F90016220B /* main.m */,
				E9202213198442F90016220B /* PSProgressHUD-Prefix.pch */,
			);
			name = "Supporting Files";
			sourceTree = "<group>";
		};
		E920222A198442FA0016220B /* PSProgressHUDTests */ = {
			isa = PBXGroup;
			children = (
				E9202230198442FA0016220B /* PSProgressHUDTests.m */,
				E920222B198442FA0016220B /* Supporting Files */,
			);
			path = PSProgressHUDTests;
			sourceTree = "<group>";
		};
		E920222B198442FA0016220B /* Supporting Files */ = {
			isa = PBXGroup;
			children = (
				E920222C198442FA0016220B /* PSProgressHUDTests-Info.plist */,
				E920222D198442FA0016220B /* InfoPlist.strings */,
			);
			name = "Supporting Files";
			sourceTree = "<group>";
		};
		E920223A198443070016220B /* PSProgressHUD */ = {
			isa = PBXGroup;
			children = (
				E920223E198446380016220B /* PSProgressHUD.h */,
				E920223F198446380016220B /* PSProgressHUD.m */,
			);
			name = PSProgressHUD;
			sourceTree = "<group>";
		};
/* End PBXGroup section */

/* Begin PBXNativeTarget section */
		E9202201198442F90016220B /* PSProgressHUD */ = {
			isa = PBXNativeTarget;
			buildConfigurationList = E9202234198442FA0016220B /* Build configuration list for PBXNativeTarget "PSProgressHUD" */;
			buildPhases = (
				E92021FE198442F90016220B /* Sources */,
				E92021FF198442F90016220B /* Frameworks */,
				E9202200198442F90016220B /* Resources */,
			);
			buildRules = (
			);
			dependencies = (
			);
			name = PSProgressHUD;
			productName = PSProgressHUD;
			productReference = E9202202198442F90016220B /* PSProgressHUD.app */;
			productType = "com.apple.product-type.application";
		};
		E9202222198442FA0016220B /* PSProgressHUDTests */ = {
			isa = PBXNativeTarget;
			buildConfigurationList = E9202237198442FA0016220B /* Build configuration list for PBXNativeTarget "PSProgressHUDTests" */;
			buildPhases = (
				E920221F198442FA0016220B /* Sources */,
				E9202220198442FA0016220B /* Frameworks */,
				E9202221198442FA0016220B /* Resources */,
			);
			buildRules = (
			);
			dependencies = (
				E9202229198442FA0016220B /* PBXTargetDependency */,
			);
			name = PSProgressHUDTests;
			productName = PSProgressHUDTests;
			productReference = E9202223198442FA0016220B /* PSProgressHUDTests.xctest */;
			productType = "com.apple.product-type.bundle.unit-test";
		};
/* End PBXNativeTarget section */

/* Begin PBXProject section */
		E92021FA198442F90016220B /* Project object */ = {
			isa = PBXProject;
			attributes = {
				LastUpgradeCheck = 0510;
				ORGANIZATIONNAME = 100grams;
				TargetAttributes = {
					E9202222198442FA0016220B = {
						TestTargetID = E9202201198442F90016220B;
					};
				};
			};
			buildConfigurationList = E92021FD198442F90016220B /* Build configuration list for PBXProject "PSProgressHUD" */;
			compatibilityVersion = "Xcode 3.2";
			developmentRegion = English;
			hasScannedForEncodings = 0;
			knownRegions = (
				en,
				Base,
			);
			mainGroup = E92021F9198442F90016220B;
			productRefGroup = E9202203198442F90016220B /* Products */;
			projectDirPath = "";
			projectRoot = "";
			targets = (
				E9202201198442F90016220B /* PSProgressHUD */,
				E9202222198442FA0016220B /* PSProgressHUDTests */,
			);
		};
/* End PBXProject section */

/* Begin PBXResourcesBuildPhase section */
		E9202200198442F90016220B /* Resources */ = {
			isa = PBXResourcesBuildPhase;
			buildActionMask = 2147483647;
			files = (
				E920221E198442F90016220B /* Images.xcassets in Resources */,
				E9202210198442F90016220B /* InfoPlist.strings in Resources */,
				E9202219198442F90016220B /* Main.storyboard in Resources */,
			);
			runOnlyForDeploymentPostprocessing = 0;
		};
		E9202221198442FA0016220B /* Resources */ = {
			isa = PBXResourcesBuildPhase;
			buildActionMask = 2147483647;
			files = (
				E920222F198442FA0016220B /* InfoPlist.strings in Resources */,
			);
			runOnlyForDeploymentPostprocessing = 0;
		};
/* End PBXResourcesBuildPhase section */

/* Begin PBXSourcesBuildPhase section */
		E92021FE198442F90016220B /* Sources */ = {
			isa = PBXSourcesBuildPhase;
			buildActionMask = 2147483647;
			files = (
				E920221C198442F90016220B /* ViewController.m in Sources */,
				E9202240198446380016220B /* PSProgressHUD.m in Sources */,
				E9202216198442F90016220B /* AppDelegate.m in Sources */,
				E9202212198442F90016220B /* main.m in Sources */,
			);
			runOnlyForDeploymentPostprocessing = 0;
		};
		E920221F198442FA0016220B /* Sources */ = {
			isa = PBXSourcesBuildPhase;
			buildActionMask = 2147483647;
			files = (
				E9202231198442FA0016220B /* PSProgressHUDTests.m in Sources */,
			);
			runOnlyForDeploymentPostprocessing = 0;
		};
/* End PBXSourcesBuildPhase section */

/* Begin PBXTargetDependency section */
		E9202229198442FA0016220B /* PBXTargetDependency */ = {
			isa = PBXTargetDependency;
			target = E9202201198442F90016220B /* PSProgressHUD */;
			targetProxy = E9202228198442FA0016220B /* PBXContainerItemProxy */;
		};
/* End PBXTargetDependency section */

/* Begin PBXVariantGroup section */
		E920220E198442F90016220B /* InfoPlist.strings */ = {
			isa = PBXVariantGroup;
			children = (
				E920220F198442F90016220B /* en */,
			);
			name = InfoPlist.strings;
			sourceTree = "<group>";
		};
		E9202217198442F90016220B /* Main.storyboard */ = {
			isa = PBXVariantGroup;
			children = (
				E9202218198442F90016220B /* Base */,
			);
			name = Main.storyboard;
			sourceTree = "<group>";
		};
		E920222D198442FA0016220B /* InfoPlist.strings */ = {
			isa = PBXVariantGroup;
			children = (
				E920222E198442FA0016220B /* en */,
			);
			name = InfoPlist.strings;
			sourceTree = "<group>";
		};
/* End PBXVariantGroup section */

/* Begin XCBuildConfiguration section */
		E9202232198442FA0016220B /* Debug */ = {
			isa = XCBuildConfiguration;
			buildSettings = {
				ALWAYS_SEARCH_USER_PATHS = NO;
				CLANG_CXX_LANGUAGE_STANDARD = "gnu++0x";
				CLANG_CXX_LIBRARY = "libc++";
				CLANG_ENABLE_MODULES = YES;
				CLANG_ENABLE_OBJC_ARC = YES;
				CLANG_WARN_BOOL_CONVERSION = YES;
				CLANG_WARN_CONSTANT_CONVERSION = YES;
				CLANG_WARN_DIRECT_OBJC_ISA_USAGE = YES_ERROR;
				CLANG_WARN_EMPTY_BODY = YES;
				CLANG_WARN_ENUM_CONVERSION = YES;
				CLANG_WARN_INT_CONVERSION = YES;
				CLANG_WARN_OBJC_ROOT_CLASS = YES_ERROR;
				CLANG_WARN__DUPLICATE_METHOD_MATCH = YES;
				"CODE_SIGN_IDENTITY[sdk=iphoneos*]" = "iPhone Developer";
				COPY_PHASE_STRIP = NO;
				GCC_C_LANGUAGE_STANDARD = gnu99;
				GCC_DYNAMIC_NO_PIC = NO;
				GCC_OPTIMIZATION_LEVEL = 0;
				GCC_PREPROCESSOR_DEFINITIONS = (
					"DEBUG=1",
					"$(inherited)",
				);
				GCC_SYMBOLS_PRIVATE_EXTERN = NO;
				GCC_WARN_64_TO_32_BIT_CONVERSION = YES;
				GCC_WARN_ABOUT_RETURN_TYPE = YES_ERROR;
				GCC_WARN_UNDECLARED_SELECTOR = YES;
				GCC_WARN_UNINITIALIZED_AUTOS = YES_AGGRESSIVE;
				GCC_WARN_UNUSED_FUNCTION = YES;
				GCC_WARN_UNUSED_VARIABLE = YES;
				IPHONEOS_DEPLOYMENT_TARGET = 7.1;
				ONLY_ACTIVE_ARCH = YES;
				SDKROOT = iphoneos;
				TARGETED_DEVICE_FAMILY = 2;
			};
			name = Debug;
		};
		E9202233198442FA0016220B /* Release */ = {
			isa = XCBuildConfiguration;
			buildSettings = {
				ALWAYS_SEARCH_USER_PATHS = NO;
				CLANG_CXX_LANGUAGE_STANDARD = "gnu++0x";
				CLANG_CXX_LIBRARY = "libc++";
				CLANG_ENABLE_MODULES = YES;
				CLANG_ENABLE_OBJC_ARC = YES;
				CLANG_WARN_BOOL_CONVERSION = YES;
				CLANG_WARN_CONSTANT_CONVERSION = YES;
				CLANG_WARN_DIRECT_OBJC_ISA_USAGE = YES_ERROR;
				CLANG_WARN_EMPTY_BODY = YES;
				CLANG_WARN_ENUM_CONVERSION = YES;
				CLANG_WARN_INT_CONVERSION = YES;
				CLANG_WARN_OBJC_ROOT_CLASS = YES_ERROR;
				CLANG_WARN__DUPLICATE_METHOD_MATCH = YES;
				"CODE_SIGN_IDENTITY[sdk=iphoneos*]" = "iPhone Developer";
				COPY_PHASE_STRIP = YES;
				ENABLE_NS_ASSERTIONS = NO;
				GCC_C_LANGUAGE_STANDARD = gnu99;
				GCC_WARN_64_TO_32_BIT_CONVERSION = YES;
				GCC_WARN_ABOUT_RETURN_TYPE = YES_ERROR;
				GCC_WARN_UNDECLARED_SELECTOR = YES;
				GCC_WARN_UNINITIALIZED_AUTOS = YES_AGGRESSIVE;
				GCC_WARN_UNUSED_FUNCTION = YES;
				GCC_WARN_UNUSED_VARIABLE = YES;
				IPHONEOS_DEPLOYMENT_TARGET = 7.1;
				SDKROOT = iphoneos;
				TARGETED_DEVICE_FAMILY = 2;
				VALIDATE_PRODUCT = YES;
			};
			name = Release;
		};
		E9202235198442FA0016220B /* Debug */ = {
			isa = XCBuildConfiguration;
			buildSettings = {
				ASSETCATALOG_COMPILER_APPICON_NAME = AppIcon;
				ASSETCATALOG_COMPILER_LAUNCHIMAGE_NAME = LaunchImage;
				GCC_PRECOMPILE_PREFIX_HEADER = YES;
				GCC_PREFIX_HEADER = "PSProgressHUD/PSProgressHUD-Prefix.pch";
				INFOPLIST_FILE = "PSProgressHUD/PSProgressHUD-Info.plist";
				PRODUCT_NAME = "$(TARGET_NAME)";
				TARGETED_DEVICE_FAMILY = 1;
				WRAPPER_EXTENSION = app;
			};
			name = Debug;
		};
		E9202236198442FA0016220B /* Release */ = {
			isa = XCBuildConfiguration;
			buildSettings = {
				ASSETCATALOG_COMPILER_APPICON_NAME = AppIcon;
				ASSETCATALOG_COMPILER_LAUNCHIMAGE_NAME = LaunchImage;
				GCC_PRECOMPILE_PREFIX_HEADER = YES;
				GCC_PREFIX_HEADER = "PSProgressHUD/PSProgressHUD-Prefix.pch";
				INFOPLIST_FILE = "PSProgressHUD/PSProgressHUD-Info.plist";
				PRODUCT_NAME = "$(TARGET_NAME)";
				TARGETED_DEVICE_FAMILY = 1;
				WRAPPER_EXTENSION = app;
			};
			name = Release;
		};
		E9202238198442FA0016220B /* Debug */ = {
			isa = XCBuildConfiguration;
			buildSettings = {
				BUNDLE_LOADER = "$(BUILT_PRODUCTS_DIR)/PSProgressHUD.app/PSProgressHUD";
				FRAMEWORK_SEARCH_PATHS = (
					"$(SDKROOT)/Developer/Library/Frameworks",
					"$(inherited)",
					"$(DEVELOPER_FRAMEWORKS_DIR)",
				);
				GCC_PRECOMPILE_PREFIX_HEADER = YES;
				GCC_PREFIX_HEADER = "PSProgressHUD/PSProgressHUD-Prefix.pch";
				GCC_PREPROCESSOR_DEFINITIONS = (
					"DEBUG=1",
					"$(inherited)",
				);
				INFOPLIST_FILE = "PSProgressHUDTests/PSProgressHUDTests-Info.plist";
				PRODUCT_NAME = "$(TARGET_NAME)";
				TEST_HOST = "$(BUNDLE_LOADER)";
				WRAPPER_EXTENSION = xctest;
			};
			name = Debug;
		};
		E9202239198442FA0016220B /* Release */ = {
			isa = XCBuildConfiguration;
			buildSettings = {
				BUNDLE_LOADER = "$(BUILT_PRODUCTS_DIR)/PSProgressHUD.app/PSProgressHUD";
				FRAMEWORK_SEARCH_PATHS = (
					"$(SDKROOT)/Developer/Library/Frameworks",
					"$(inherited)",
					"$(DEVELOPER_FRAMEWORKS_DIR)",
				);
				GCC_PRECOMPILE_PREFIX_HEADER = YES;
				GCC_PREFIX_HEADER = "PSProgressHUD/PSProgressHUD-Prefix.pch";
				INFOPLIST_FILE = "PSProgressHUDTests/PSProgressHUDTests-Info.plist";
				PRODUCT_NAME = "$(TARGET_NAME)";
				TEST_HOST = "$(BUNDLE_LOADER)";
				WRAPPER_EXTENSION = xctest;
			};
			name = Release;
		};
/* End XCBuildConfiguration section */

/* Begin XCConfigurationList section */
		E92021FD198442F90016220B /* Build configuration list for PBXProject "PSProgressHUD" */ = {
			isa = XCConfigurationList;
			buildConfigurations = (
				E9202232198442FA0016220B /* Debug */,
				E9202233198442FA0016220B /* Release */,
			);
			defaultConfigurationIsVisible = 0;
			defaultConfigurationName = Release;
		};
		E9202234198442FA0016220B /* Build configuration list for PBXNativeTarget "PSProgressHUD" */ = {
			isa = XCConfigurationList;
			buildConfigurations = (
				E9202235198442FA0016220B /* Debug */,
				E9202236198442FA0016220B /* Release */,
			);
			defaultConfigurationIsVisible = 0;
		};
		E9202237198442FA0016220B /* Build configuration list for PBXNativeTarget "PSProgressHUDTests" */ = {
			isa = XCConfigurationList;
			buildConfigurations = (
				E9202238198442FA0016220B /* Debug */,
				E9202239198442FA0016220B /* Release */,
			);
			defaultConfigurationIsVisible = 0;
		};
/* End XCConfigurationList section */
	};
	rootObject = E92021FA198442F90016220B /* Project object */;
}
